
Microsoft Visual Studio Solution File, Format Version 12.00
Project("{FAE04EC0-301F-11D3-BF4B-00C04F79EFBC}") = "Y.ArmaTools.Abstractions", "Y.ArmaTools.Abstractions\Y.ArmaTools.Abstractions.csproj", "{BD5A3B2A-9FF5-495C-AB45-AA3767179C9F}"
EndProject
Project("{FAE04EC0-301F-11D3-BF4B-00C04F79EFBC}") = "Y.ArmaTools.TextTools", "Y.ArmaTools.TextTools\Y.ArmaTools.TextTools.csproj", "{D76216AA-29B9-4B2E-B613-47B7287A688D}"
EndProject
Project("{2150E333-8FDC-42A3-9474-1A3956D46DE8}") = "UnitTests", "UnitTests", "{CD85B2ED-9410-4F20-8E0F-E2540E5CA970}"
EndProject
Project("{FAE04EC0-301F-11D3-BF4B-00C04F79EFBC}") = "Y.ArmaTools.TextTools.Tests", "Y.ArmaTools.TextTools.Tests\Y.ArmaTools.TextTools.Tests.csproj", "{41CD1267-7FF5-47FF-B33B-E756C870BF0F}"
EndProject
Global
	GlobalSection(SolutionConfigurationPlatforms) = preSolution
		Debug|Any CPU = Debug|Any CPU
		Release|Any CPU = Release|Any CPU
	EndGlobalSection
	GlobalSection(ProjectConfigurationPlatforms) = postSolution
		{BD5A3B2A-9FF5-495C-AB45-AA3767179C9F}.Debug|Any CPU.ActiveCfg = Debug|Any CPU
		{BD5A3B2A-9FF5-495C-AB45-AA3767179C9F}.Debug|Any CPU.Build.0 = Debug|Any CPU
		{BD5A3B2A-9FF5-495C-AB45-AA3767179C9F}.Release|Any CPU.ActiveCfg = Release|Any CPU
		{BD5A3B2A-9FF5-495C-AB45-AA3767179C9F}.Release|Any CPU.Build.0 = Release|Any CPU
		{D76216AA-29B9-4B2E-B613-47B7287A688D}.Debug|Any CPU.ActiveCfg = Debug|Any CPU
		{D76216AA-29B9-4B2E-B613-47B7287A688D}.Debug|Any CPU.Build.0 = Debug|Any CPU
		{D76216AA-29B9-4B2E-B613-47B7287A688D}.Release|Any CPU.ActiveCfg = Release|Any CPU
		{D76216AA-29B9-4B2E-B613-47B7287A688D}.Release|Any CPU.Build.0 = Release|Any CPU
		{41CD1267-7FF5-47FF-B33B-E756C870BF0F}.Debug|Any CPU.ActiveCfg = Debug|Any CPU
		{41CD1267-7FF5-47FF-B33B-E756C870BF0F}.Debug|Any CPU.Build.0 = Debug|Any CPU
		{41CD1267-7FF5-47FF-B33B-E756C870BF0F}.Release|Any CPU.ActiveCfg = Release|Any CPU
		{41CD1267-7FF5-47FF-B33B-E756C870BF0F}.Release|Any CPU.Build.0 = Release|Any CPU
	EndGlobalSection
	GlobalSection(NestedProjects) = preSolution
		{41CD1267-7FF5-47FF-B33B-E756C870BF0F} = {CD85B2ED-9410-4F20-8E0F-E2540E5CA970}
	EndGlobalSection
EndGlobal
